
Microsoft Visual Studio Solution File, Format Version 12.00
# Visual Studio Version 17
VisualStudioVersion = 17.3.32825.248
MinimumVisualStudioVersion = 10.0.40219.1
Project("{FAE04EC0-301F-11D3-BF4B-00C04F79EFBC}") = "calculette", "calculette\calculette.csproj", "{A9F028C2-1096-439E-B719-DE00A3F189B6}"
EndProject
Global
	GlobalSection(SolutionConfigurationPlatforms) = preSolution
		Debug|Any CPU = Debug|Any CPU
		Release|Any CPU = Release|Any CPU
	EndGlobalSection
	GlobalSection(ProjectConfigurationPlatforms) = postSolution
		{A9F028C2-1096-439E-B719-DE00A3F189B6}.Debug|Any CPU.ActiveCfg = Debug|Any CPU
		{A9F028C2-1096-439E-B719-DE00A3F189B6}.Debug|Any CPU.Build.0 = Debug|Any CPU
		{A9F028C2-1096-439E-B719-DE00A3F189B6}.Release|Any CPU.ActiveCfg = Release|Any CPU
		{A9F028C2-1096-439E-B719-DE00A3F189B6}.Release|Any CPU.Build.0 = Release|Any CPU
	EndGlobalSection
	GlobalSection(SolutionProperties) = preSolution
		HideSolutionNode = FALSE
	EndGlobalSection
	GlobalSection(ExtensibilityGlobals) = postSolution
		SolutionGuid = {66AECD2C-DF79-46E9-948C-0B318D4BF945}
	EndGlobalSection
EndGlobal
